
Microsoft Visual Studio Solution File, Format Version 12.00
# Visual Studio 2015
Project("{FAE04EC0-301F-11D3-BF4B-00C04F79EFBC}") = "DataBridge.Plugins", "DataBridge.Plugins.csproj", "{8ECC3DFE-E939-8418-70BD-1908A637E443}"
EndProject
Project("{FAE04EC0-301F-11D3-BF4B-00C04F79EFBC}") = "DataBridge", "DataBridge.csproj", "{3FFFE531-FFB8-BF64-6738-1EC3FA78C7C0}"
EndProject
Project("{FAE04EC0-301F-11D3-BF4B-00C04F79EFBC}") = "DataBridge.Editor.Plugins", "DataBridge.Editor.Plugins.csproj", "{B0586FE8-0514-BD92-A082-E5F5065CB3A7}"
EndProject
Global
	GlobalSection(SolutionConfigurationPlatforms) = preSolution
		Debug|Any CPU = Debug|Any CPU
		Release|Any CPU = Release|Any CPU
	EndGlobalSection
	GlobalSection(ProjectConfigurationPlatforms) = postSolution
		{8ECC3DFE-E939-8418-70BD-1908A637E443}.Debug|Any CPU.ActiveCfg = Debug|Any CPU
		{8ECC3DFE-E939-8418-70BD-1908A637E443}.Debug|Any CPU.Build.0 = Debug|Any CPU
		{8ECC3DFE-E939-8418-70BD-1908A637E443}.Release|Any CPU.ActiveCfg = Release|Any CPU
		{8ECC3DFE-E939-8418-70BD-1908A637E443}.Release|Any CPU.Build.0 = Release|Any CPU
		{3FFFE531-FFB8-BF64-6738-1EC3FA78C7C0}.Debug|Any CPU.ActiveCfg = Debug|Any CPU
		{3FFFE531-FFB8-BF64-6738-1EC3FA78C7C0}.Debug|Any CPU.Build.0 = Debug|Any CPU
		{3FFFE531-FFB8-BF64-6738-1EC3FA78C7C0}.Release|Any CPU.ActiveCfg = Release|Any CPU
		{3FFFE531-FFB8-BF64-6738-1EC3FA78C7C0}.Release|Any CPU.Build.0 = Release|Any CPU
		{B0586FE8-0514-BD92-A082-E5F5065CB3A7}.Debug|Any CPU.ActiveCfg = Debug|Any CPU
		{B0586FE8-0514-BD92-A082-E5F5065CB3A7}.Debug|Any CPU.Build.0 = Debug|Any CPU
		{B0586FE8-0514-BD92-A082-E5F5065CB3A7}.Release|Any CPU.ActiveCfg = Release|Any CPU
		{B0586FE8-0514-BD92-A082-E5F5065CB3A7}.Release|Any CPU.Build.0 = Release|Any CPU
	EndGlobalSection
	GlobalSection(SolutionProperties) = preSolution
		HideSolutionNode = FALSE
	EndGlobalSection
EndGlobal
